
Microsoft Visual Studio Solution File, Format Version 12.00
# Visual Studio Version 17
VisualStudioVersion = 17.5.33516.290
MinimumVisualStudioVersion = 10.0.40219.1
Project("{2150E333-8FDC-42A3-9474-1A3956D46DE8}") = "Application", "Application", "{5044168D-ED76-4B13-8917-C68F7695E94A}"
EndProject
Project("{2150E333-8FDC-42A3-9474-1A3956D46DE8}") = "Infrastructure", "Infrastructure", "{6BBD46D8-D1DC-4CA8-8B22-781BA067DA86}"
EndProject
Project("{9A19103F-16F7-4668-BE54-9A1E7A4F7556}") = "Celebpretty.Infrastructure.Mongo", "src\Celebpretty.Infrastructure.Mongo\Celebpretty.Infrastructure.Mongo.csproj", "{303BE988-EEAE-4857-B890-02C63FCD2376}"
EndProject
Project("{9A19103F-16F7-4668-BE54-9A1E7A4F7556}") = "Celebpretty.Api", "src\Celebpretty.Api\Celebpretty.Api.csproj", "{D7B3E668-FF56-4717-9073-C0B13CB70068}"
EndProject
Project("{9A19103F-16F7-4668-BE54-9A1E7A4F7556}") = "Celebpretty.Infrastructure.Common", "src\Celebpretty.Infrastructure.Common\Celebpretty.Infrastructure.Common.csproj", "{0BC8E50A-8835-4ED4-AED8-6AA2F354DF5D}"
EndProject
Project("{9A19103F-16F7-4668-BE54-9A1E7A4F7556}") = "Celebpretty.Application.Main", "src\Celebpretty.Application.Main\Celebpretty.Application.Main.csproj", "{A71701D7-FFA8-4228-85AB-823458F86CD2}"
EndProject
Project("{9A19103F-16F7-4668-BE54-9A1E7A4F7556}") = "Celebpretty.Application.Persistence", "src\Celebpretty.Application.Persistence\Celebpretty.Application.Persistence.csproj", "{0B8EFEF1-72A4-4FFA-AEB2-D66EF874198A}"
EndProject
Project("{2150E333-8FDC-42A3-9474-1A3956D46DE8}") = "Core", "Core", "{CF2917B4-AD3B-4426-84C2-5B9F9F896541}"
EndProject
Project("{9A19103F-16F7-4668-BE54-9A1E7A4F7556}") = "Celebpretty.Core", "src\Celebpretty.Core\Celebpretty.Core.csproj", "{C5EEE8ED-0F19-4D9B-8A00-4CDC305728C6}"
EndProject
Project("{9A19103F-16F7-4668-BE54-9A1E7A4F7556}") = "Celebpreety.Infrastructure.IdGenerator", "src\Celebpreety.Infrastructure.IdGenerator\Celebpreety.Infrastructure.IdGenerator.csproj", "{7DCAB6F7-D89F-430E-BAF2-0318BEBE1F47}"
EndProject
Project("{FAE04EC0-301F-11D3-BF4B-00C04F79EFBC}") = "Celebpretty.Infrastructure.Scraper", "Celebpretty.Infrastructure.Scraper\Celebpretty.Infrastructure.Scraper.csproj", "{30F67578-7725-4DF9-BF70-F00BC9A20E0B}"
EndProject
Global
	GlobalSection(SolutionConfigurationPlatforms) = preSolution
		Debug|Any CPU = Debug|Any CPU
		Release|Any CPU = Release|Any CPU
	EndGlobalSection
	GlobalSection(ProjectConfigurationPlatforms) = postSolution
		{303BE988-EEAE-4857-B890-02C63FCD2376}.Debug|Any CPU.ActiveCfg = Debug|Any CPU
		{303BE988-EEAE-4857-B890-02C63FCD2376}.Debug|Any CPU.Build.0 = Debug|Any CPU
		{303BE988-EEAE-4857-B890-02C63FCD2376}.Release|Any CPU.ActiveCfg = Release|Any CPU
		{303BE988-EEAE-4857-B890-02C63FCD2376}.Release|Any CPU.Build.0 = Release|Any CPU
		{D7B3E668-FF56-4717-9073-C0B13CB70068}.Debug|Any CPU.ActiveCfg = Debug|Any CPU
		{D7B3E668-FF56-4717-9073-C0B13CB70068}.Debug|Any CPU.Build.0 = Debug|Any CPU
		{D7B3E668-FF56-4717-9073-C0B13CB70068}.Release|Any CPU.ActiveCfg = Release|Any CPU
		{D7B3E668-FF56-4717-9073-C0B13CB70068}.Release|Any CPU.Build.0 = Release|Any CPU
		{0BC8E50A-8835-4ED4-AED8-6AA2F354DF5D}.Debug|Any CPU.ActiveCfg = Debug|Any CPU
		{0BC8E50A-8835-4ED4-AED8-6AA2F354DF5D}.Debug|Any CPU.Build.0 = Debug|Any CPU
		{0BC8E50A-8835-4ED4-AED8-6AA2F354DF5D}.Release|Any CPU.ActiveCfg = Release|Any CPU
		{0BC8E50A-8835-4ED4-AED8-6AA2F354DF5D}.Release|Any CPU.Build.0 = Release|Any CPU
		{A71701D7-FFA8-4228-85AB-823458F86CD2}.Debug|Any CPU.ActiveCfg = Debug|Any CPU
		{A71701D7-FFA8-4228-85AB-823458F86CD2}.Debug|Any CPU.Build.0 = Debug|Any CPU
		{A71701D7-FFA8-4228-85AB-823458F86CD2}.Release|Any CPU.ActiveCfg = Release|Any CPU
		{A71701D7-FFA8-4228-85AB-823458F86CD2}.Release|Any CPU.Build.0 = Release|Any CPU
		{0B8EFEF1-72A4-4FFA-AEB2-D66EF874198A}.Debug|Any CPU.ActiveCfg = Debug|Any CPU
		{0B8EFEF1-72A4-4FFA-AEB2-D66EF874198A}.Debug|Any CPU.Build.0 = Debug|Any CPU
		{0B8EFEF1-72A4-4FFA-AEB2-D66EF874198A}.Release|Any CPU.ActiveCfg = Release|Any CPU
		{0B8EFEF1-72A4-4FFA-AEB2-D66EF874198A}.Release|Any CPU.Build.0 = Release|Any CPU
		{C5EEE8ED-0F19-4D9B-8A00-4CDC305728C6}.Debug|Any CPU.ActiveCfg = Debug|Any CPU
		{C5EEE8ED-0F19-4D9B-8A00-4CDC305728C6}.Debug|Any CPU.Build.0 = Debug|Any CPU
		{C5EEE8ED-0F19-4D9B-8A00-4CDC305728C6}.Release|Any CPU.ActiveCfg = Release|Any CPU
		{C5EEE8ED-0F19-4D9B-8A00-4CDC305728C6}.Release|Any CPU.Build.0 = Release|Any CPU
		{7DCAB6F7-D89F-430E-BAF2-0318BEBE1F47}.Debug|Any CPU.ActiveCfg = Debug|Any CPU
		{7DCAB6F7-D89F-430E-BAF2-0318BEBE1F47}.Debug|Any CPU.Build.0 = Debug|Any CPU
		{7DCAB6F7-D89F-430E-BAF2-0318BEBE1F47}.Release|Any CPU.ActiveCfg = Release|Any CPU
		{7DCAB6F7-D89F-430E-BAF2-0318BEBE1F47}.Release|Any CPU.Build.0 = Release|Any CPU
		{30F67578-7725-4DF9-BF70-F00BC9A20E0B}.Debug|Any CPU.ActiveCfg = Debug|Any CPU
		{30F67578-7725-4DF9-BF70-F00BC9A20E0B}.Debug|Any CPU.Build.0 = Debug|Any CPU
		{30F67578-7725-4DF9-BF70-F00BC9A20E0B}.Release|Any CPU.ActiveCfg = Release|Any CPU
		{30F67578-7725-4DF9-BF70-F00BC9A20E0B}.Release|Any CPU.Build.0 = Release|Any CPU
	EndGlobalSection
	GlobalSection(SolutionProperties) = preSolution
		HideSolutionNode = FALSE
	EndGlobalSection
	GlobalSection(NestedProjects) = preSolution
		{303BE988-EEAE-4857-B890-02C63FCD2376} = {6BBD46D8-D1DC-4CA8-8B22-781BA067DA86}
		{0BC8E50A-8835-4ED4-AED8-6AA2F354DF5D} = {6BBD46D8-D1DC-4CA8-8B22-781BA067DA86}
		{A71701D7-FFA8-4228-85AB-823458F86CD2} = {5044168D-ED76-4B13-8917-C68F7695E94A}
		{0B8EFEF1-72A4-4FFA-AEB2-D66EF874198A} = {5044168D-ED76-4B13-8917-C68F7695E94A}
		{C5EEE8ED-0F19-4D9B-8A00-4CDC305728C6} = {CF2917B4-AD3B-4426-84C2-5B9F9F896541}
		{7DCAB6F7-D89F-430E-BAF2-0318BEBE1F47} = {6BBD46D8-D1DC-4CA8-8B22-781BA067DA86}
		{30F67578-7725-4DF9-BF70-F00BC9A20E0B} = {6BBD46D8-D1DC-4CA8-8B22-781BA067DA86}
	EndGlobalSection
	GlobalSection(ExtensibilityGlobals) = postSolution
		SolutionGuid = {D965EA5D-2D43-4AC7-AE76-2E4219CB755F}
	EndGlobalSection
EndGlobal
